
Microsoft Visual Studio Solution File, Format Version 12.00
# Visual Studio Version 17
VisualStudioVersion = 17.7.34018.315
MinimumVisualStudioVersion = 10.0.40219.1
Project("{FAE04EC0-301F-11D3-BF4B-00C04F79EFBC}") = "CapaDatos", "CapaDatos\CapaDatos.csproj", "{5F1FD137-F6CB-42E4-8FDE-A146478DEBD3}"
EndProject
Project("{FAE04EC0-301F-11D3-BF4B-00C04F79EFBC}") = "CapaNegocio", "CapaNegocio\CapaNegocio.csproj", "{08F99CF4-A146-4536-AA6E-8D0A54305F5E}"
EndProject
Project("{FAE04EC0-301F-11D3-BF4B-00C04F79EFBC}") = "CapaPresentacion", "CapaPresentacion\CapaPresentacion.csproj", "{C56D04D2-F411-489E-A1B7-FB8A0CE62873}"
EndProject
Global
	GlobalSection(SolutionConfigurationPlatforms) = preSolution
		Debug|Any CPU = Debug|Any CPU
		Release|Any CPU = Release|Any CPU
	EndGlobalSection
	GlobalSection(ProjectConfigurationPlatforms) = postSolution
		{5F1FD137-F6CB-42E4-8FDE-A146478DEBD3}.Debug|Any CPU.ActiveCfg = Debug|Any CPU
		{5F1FD137-F6CB-42E4-8FDE-A146478DEBD3}.Debug|Any CPU.Build.0 = Debug|Any CPU
		{5F1FD137-F6CB-42E4-8FDE-A146478DEBD3}.Release|Any CPU.ActiveCfg = Release|Any CPU
		{5F1FD137-F6CB-42E4-8FDE-A146478DEBD3}.Release|Any CPU.Build.0 = Release|Any CPU
		{08F99CF4-A146-4536-AA6E-8D0A54305F5E}.Debug|Any CPU.ActiveCfg = Debug|Any CPU
		{08F99CF4-A146-4536-AA6E-8D0A54305F5E}.Debug|Any CPU.Build.0 = Debug|Any CPU
		{08F99CF4-A146-4536-AA6E-8D0A54305F5E}.Release|Any CPU.ActiveCfg = Release|Any CPU
		{08F99CF4-A146-4536-AA6E-8D0A54305F5E}.Release|Any CPU.Build.0 = Release|Any CPU
		{C56D04D2-F411-489E-A1B7-FB8A0CE62873}.Debug|Any CPU.ActiveCfg = Debug|Any CPU
		{C56D04D2-F411-489E-A1B7-FB8A0CE62873}.Debug|Any CPU.Build.0 = Debug|Any CPU
		{C56D04D2-F411-489E-A1B7-FB8A0CE62873}.Release|Any CPU.ActiveCfg = Release|Any CPU
		{C56D04D2-F411-489E-A1B7-FB8A0CE62873}.Release|Any CPU.Build.0 = Release|Any CPU
	EndGlobalSection
	GlobalSection(SolutionProperties) = preSolution
		HideSolutionNode = FALSE
	EndGlobalSection
	GlobalSection(ExtensibilityGlobals) = postSolution
		SolutionGuid = {2B6F422C-A5EB-4688-AECA-93F0CDB9E89E}
	EndGlobalSection
EndGlobal
